
Microsoft Visual Studio Solution File, Format Version 12.00
# Visual Studio Version 17
VisualStudioVersion = 17.5.33627.172
MinimumVisualStudioVersion = 10.0.40219.1
Project("{9A19103F-16F7-4668-BE54-9A1E7A4F7556}") = "WPFInvoiceSystem.Domain", "WPFInvoiceSystem.Domain\WPFInvoiceSystem.Domain.csproj", "{25F9C91F-3D81-4538-A4C3-0C7CE3F4F19F}"
EndProject
Project("{9A19103F-16F7-4668-BE54-9A1E7A4F7556}") = "WPFInvoiceSystem.Application", "WPFInvoiceSystem.Application\WPFInvoiceSystem.Application.csproj", "{19A2251D-57DD-4E68-9DDA-CCA5D653553A}"
EndProject
Project("{9A19103F-16F7-4668-BE54-9A1E7A4F7556}") = "WPFInvoiceSystem.Persistance", "WPFInvoiceSystem.Persistance\WPFInvoiceSystem.Persistance.csproj", "{D6AAC507-11C2-42B5-BE78-4F1F620BBA1A}"
EndProject
Project("{9A19103F-16F7-4668-BE54-9A1E7A4F7556}") = "WPFInvoiceSystem.API", "WPFInvoiceSystem.API\WPFInvoiceSystem.API.csproj", "{985E3798-E326-4629-94E4-0097113AF021}"
EndProject
Project("{9A19103F-16F7-4668-BE54-9A1E7A4F7556}") = "WPFInvoiceSystem.WPFClient", "WPFInvoiceSystem.WPFClient\WPFInvoiceSystem.WPFClient.csproj", "{53FC6827-BFDB-4A9A-AC2B-0E130F94079B}"
EndProject
Project("{9A19103F-16F7-4668-BE54-9A1E7A4F7556}") = "WPFInvoiceSystem.ReportsGenerator", "WPFInvoiceSystem.ReportsGenerator\WPFInvoiceSystem.ReportsGenerator.csproj", "{AFB80073-0DD4-4DCA-8826-B3321ECF4993}"
EndProject
Global
	GlobalSection(SolutionConfigurationPlatforms) = preSolution
		Debug|Any CPU = Debug|Any CPU
		Debug|ARM = Debug|ARM
		Debug|ARM64 = Debug|ARM64
		Debug|x64 = Debug|x64
		Debug|x86 = Debug|x86
		Release|Any CPU = Release|Any CPU
		Release|ARM = Release|ARM
		Release|ARM64 = Release|ARM64
		Release|x64 = Release|x64
		Release|x86 = Release|x86
	EndGlobalSection
	GlobalSection(ProjectConfigurationPlatforms) = postSolution
		{25F9C91F-3D81-4538-A4C3-0C7CE3F4F19F}.Debug|Any CPU.ActiveCfg = Debug|Any CPU
		{25F9C91F-3D81-4538-A4C3-0C7CE3F4F19F}.Debug|Any CPU.Build.0 = Debug|Any CPU
		{25F9C91F-3D81-4538-A4C3-0C7CE3F4F19F}.Debug|ARM.ActiveCfg = Debug|Any CPU
		{25F9C91F-3D81-4538-A4C3-0C7CE3F4F19F}.Debug|ARM.Build.0 = Debug|Any CPU
		{25F9C91F-3D81-4538-A4C3-0C7CE3F4F19F}.Debug|ARM64.ActiveCfg = Debug|Any CPU
		{25F9C91F-3D81-4538-A4C3-0C7CE3F4F19F}.Debug|ARM64.Build.0 = Debug|Any CPU
		{25F9C91F-3D81-4538-A4C3-0C7CE3F4F19F}.Debug|x64.ActiveCfg = Debug|Any CPU
		{25F9C91F-3D81-4538-A4C3-0C7CE3F4F19F}.Debug|x64.Build.0 = Debug|Any CPU
		{25F9C91F-3D81-4538-A4C3-0C7CE3F4F19F}.Debug|x86.ActiveCfg = Debug|Any CPU
		{25F9C91F-3D81-4538-A4C3-0C7CE3F4F19F}.Debug|x86.Build.0 = Debug|Any CPU
		{25F9C91F-3D81-4538-A4C3-0C7CE3F4F19F}.Release|Any CPU.ActiveCfg = Release|Any CPU
		{25F9C91F-3D81-4538-A4C3-0C7CE3F4F19F}.Release|Any CPU.Build.0 = Release|Any CPU
		{25F9C91F-3D81-4538-A4C3-0C7CE3F4F19F}.Release|ARM.ActiveCfg = Release|Any CPU
		{25F9C91F-3D81-4538-A4C3-0C7CE3F4F19F}.Release|ARM.Build.0 = Release|Any CPU
		{25F9C91F-3D81-4538-A4C3-0C7CE3F4F19F}.Release|ARM64.ActiveCfg = Release|Any CPU
		{25F9C91F-3D81-4538-A4C3-0C7CE3F4F19F}.Release|ARM64.Build.0 = Release|Any CPU
		{25F9C91F-3D81-4538-A4C3-0C7CE3F4F19F}.Release|x64.ActiveCfg = Release|Any CPU
		{25F9C91F-3D81-4538-A4C3-0C7CE3F4F19F}.Release|x64.Build.0 = Release|Any CPU
		{25F9C91F-3D81-4538-A4C3-0C7CE3F4F19F}.Release|x86.ActiveCfg = Release|Any CPU
		{25F9C91F-3D81-4538-A4C3-0C7CE3F4F19F}.Release|x86.Build.0 = Release|Any CPU
		{19A2251D-57DD-4E68-9DDA-CCA5D653553A}.Debug|Any CPU.ActiveCfg = Debug|Any CPU
		{19A2251D-57DD-4E68-9DDA-CCA5D653553A}.Debug|Any CPU.Build.0 = Debug|Any CPU
		{19A2251D-57DD-4E68-9DDA-CCA5D653553A}.Debug|ARM.ActiveCfg = Debug|Any CPU
		{19A2251D-57DD-4E68-9DDA-CCA5D653553A}.Debug|ARM.Build.0 = Debug|Any CPU
		{19A2251D-57DD-4E68-9DDA-CCA5D653553A}.Debug|ARM64.ActiveCfg = Debug|Any CPU
		{19A2251D-57DD-4E68-9DDA-CCA5D653553A}.Debug|ARM64.Build.0 = Debug|Any CPU
		{19A2251D-57DD-4E68-9DDA-CCA5D653553A}.Debug|x64.ActiveCfg = Debug|Any CPU
		{19A2251D-57DD-4E68-9DDA-CCA5D653553A}.Debug|x64.Build.0 = Debug|Any CPU
		{19A2251D-57DD-4E68-9DDA-CCA5D653553A}.Debug|x86.ActiveCfg = Debug|Any CPU
		{19A2251D-57DD-4E68-9DDA-CCA5D653553A}.Debug|x86.Build.0 = Debug|Any CPU
		{19A2251D-57DD-4E68-9DDA-CCA5D653553A}.Release|Any CPU.ActiveCfg = Release|Any CPU
		{19A2251D-57DD-4E68-9DDA-CCA5D653553A}.Release|Any CPU.Build.0 = Release|Any CPU
		{19A2251D-57DD-4E68-9DDA-CCA5D653553A}.Release|ARM.ActiveCfg = Release|Any CPU
		{19A2251D-57DD-4E68-9DDA-CCA5D653553A}.Release|ARM.Build.0 = Release|Any CPU
		{19A2251D-57DD-4E68-9DDA-CCA5D653553A}.Release|ARM64.ActiveCfg = Release|Any CPU
		{19A2251D-57DD-4E68-9DDA-CCA5D653553A}.Release|ARM64.Build.0 = Release|Any CPU
		{19A2251D-57DD-4E68-9DDA-CCA5D653553A}.Release|x64.ActiveCfg = Release|Any CPU
		{19A2251D-57DD-4E68-9DDA-CCA5D653553A}.Release|x64.Build.0 = Release|Any CPU
		{19A2251D-57DD-4E68-9DDA-CCA5D653553A}.Release|x86.ActiveCfg = Release|Any CPU
		{19A2251D-57DD-4E68-9DDA-CCA5D653553A}.Release|x86.Build.0 = Release|Any CPU
		{D6AAC507-11C2-42B5-BE78-4F1F620BBA1A}.Debug|Any CPU.ActiveCfg = Debug|Any CPU
		{D6AAC507-11C2-42B5-BE78-4F1F620BBA1A}.Debug|Any CPU.Build.0 = Debug|Any CPU
		{D6AAC507-11C2-42B5-BE78-4F1F620BBA1A}.Debug|ARM.ActiveCfg = Debug|Any CPU
		{D6AAC507-11C2-42B5-BE78-4F1F620BBA1A}.Debug|ARM.Build.0 = Debug|Any CPU
		{D6AAC507-11C2-42B5-BE78-4F1F620BBA1A}.Debug|ARM64.ActiveCfg = Debug|Any CPU
		{D6AAC507-11C2-42B5-BE78-4F1F620BBA1A}.Debug|ARM64.Build.0 = Debug|Any CPU
		{D6AAC507-11C2-42B5-BE78-4F1F620BBA1A}.Debug|x64.ActiveCfg = Debug|Any CPU
		{D6AAC507-11C2-42B5-BE78-4F1F620BBA1A}.Debug|x64.Build.0 = Debug|Any CPU
		{D6AAC507-11C2-42B5-BE78-4F1F620BBA1A}.Debug|x86.ActiveCfg = Debug|Any CPU
		{D6AAC507-11C2-42B5-BE78-4F1F620BBA1A}.Debug|x86.Build.0 = Debug|Any CPU
		{D6AAC507-11C2-42B5-BE78-4F1F620BBA1A}.Release|Any CPU.ActiveCfg = Release|Any CPU
		{D6AAC507-11C2-42B5-BE78-4F1F620BBA1A}.Release|Any CPU.Build.0 = Release|Any CPU
		{D6AAC507-11C2-42B5-BE78-4F1F620BBA1A}.Release|ARM.ActiveCfg = Release|Any CPU
		{D6AAC507-11C2-42B5-BE78-4F1F620BBA1A}.Release|ARM.Build.0 = Release|Any CPU
		{D6AAC507-11C2-42B5-BE78-4F1F620BBA1A}.Release|ARM64.ActiveCfg = Release|Any CPU
		{D6AAC507-11C2-42B5-BE78-4F1F620BBA1A}.Release|ARM64.Build.0 = Release|Any CPU
		{D6AAC507-11C2-42B5-BE78-4F1F620BBA1A}.Release|x64.ActiveCfg = Release|Any CPU
		{D6AAC507-11C2-42B5-BE78-4F1F620BBA1A}.Release|x64.Build.0 = Release|Any CPU
		{D6AAC507-11C2-42B5-BE78-4F1F620BBA1A}.Release|x86.ActiveCfg = Release|Any CPU
		{D6AAC507-11C2-42B5-BE78-4F1F620BBA1A}.Release|x86.Build.0 = Release|Any CPU
		{985E3798-E326-4629-94E4-0097113AF021}.Debug|Any CPU.ActiveCfg = Debug|Any CPU
		{985E3798-E326-4629-94E4-0097113AF021}.Debug|Any CPU.Build.0 = Debug|Any CPU
		{985E3798-E326-4629-94E4-0097113AF021}.Debug|ARM.ActiveCfg = Debug|Any CPU
		{985E3798-E326-4629-94E4-0097113AF021}.Debug|ARM.Build.0 = Debug|Any CPU
		{985E3798-E326-4629-94E4-0097113AF021}.Debug|ARM64.ActiveCfg = Debug|Any CPU
		{985E3798-E326-4629-94E4-0097113AF021}.Debug|ARM64.Build.0 = Debug|Any CPU
		{985E3798-E326-4629-94E4-0097113AF021}.Debug|x64.ActiveCfg = Debug|Any CPU
		{985E3798-E326-4629-94E4-0097113AF021}.Debug|x64.Build.0 = Debug|Any CPU
		{985E3798-E326-4629-94E4-0097113AF021}.Debug|x86.ActiveCfg = Debug|Any CPU
		{985E3798-E326-4629-94E4-0097113AF021}.Debug|x86.Build.0 = Debug|Any CPU
		{985E3798-E326-4629-94E4-0097113AF021}.Release|Any CPU.ActiveCfg = Release|Any CPU
		{985E3798-E326-4629-94E4-0097113AF021}.Release|Any CPU.Build.0 = Release|Any CPU
		{985E3798-E326-4629-94E4-0097113AF021}.Release|ARM.ActiveCfg = Release|Any CPU
		{985E3798-E326-4629-94E4-0097113AF021}.Release|ARM.Build.0 = Release|Any CPU
		{985E3798-E326-4629-94E4-0097113AF021}.Release|ARM64.ActiveCfg = Release|Any CPU
		{985E3798-E326-4629-94E4-0097113AF021}.Release|ARM64.Build.0 = Release|Any CPU
		{985E3798-E326-4629-94E4-0097113AF021}.Release|x64.ActiveCfg = Release|Any CPU
		{985E3798-E326-4629-94E4-0097113AF021}.Release|x64.Build.0 = Release|Any CPU
		{985E3798-E326-4629-94E4-0097113AF021}.Release|x86.ActiveCfg = Release|Any CPU
		{985E3798-E326-4629-94E4-0097113AF021}.Release|x86.Build.0 = Release|Any CPU
		{53FC6827-BFDB-4A9A-AC2B-0E130F94079B}.Debug|Any CPU.ActiveCfg = Debug|Any CPU
		{53FC6827-BFDB-4A9A-AC2B-0E130F94079B}.Debug|Any CPU.Build.0 = Debug|Any CPU
		{53FC6827-BFDB-4A9A-AC2B-0E130F94079B}.Debug|ARM.ActiveCfg = Debug|Any CPU
		{53FC6827-BFDB-4A9A-AC2B-0E130F94079B}.Debug|ARM.Build.0 = Debug|Any CPU
		{53FC6827-BFDB-4A9A-AC2B-0E130F94079B}.Debug|ARM64.ActiveCfg = Debug|Any CPU
		{53FC6827-BFDB-4A9A-AC2B-0E130F94079B}.Debug|ARM64.Build.0 = Debug|Any CPU
		{53FC6827-BFDB-4A9A-AC2B-0E130F94079B}.Debug|x64.ActiveCfg = Debug|Any CPU
		{53FC6827-BFDB-4A9A-AC2B-0E130F94079B}.Debug|x64.Build.0 = Debug|Any CPU
		{53FC6827-BFDB-4A9A-AC2B-0E130F94079B}.Debug|x86.ActiveCfg = Debug|Any CPU
		{53FC6827-BFDB-4A9A-AC2B-0E130F94079B}.Debug|x86.Build.0 = Debug|Any CPU
		{53FC6827-BFDB-4A9A-AC2B-0E130F94079B}.Release|Any CPU.ActiveCfg = Release|Any CPU
		{53FC6827-BFDB-4A9A-AC2B-0E130F94079B}.Release|Any CPU.Build.0 = Release|Any CPU
		{53FC6827-BFDB-4A9A-AC2B-0E130F94079B}.Release|ARM.ActiveCfg = Release|Any CPU
		{53FC6827-BFDB-4A9A-AC2B-0E130F94079B}.Release|ARM.Build.0 = Release|Any CPU
		{53FC6827-BFDB-4A9A-AC2B-0E130F94079B}.Release|ARM64.ActiveCfg = Release|Any CPU
		{53FC6827-BFDB-4A9A-AC2B-0E130F94079B}.Release|ARM64.Build.0 = Release|Any CPU
		{53FC6827-BFDB-4A9A-AC2B-0E130F94079B}.Release|x64.ActiveCfg = Release|Any CPU
		{53FC6827-BFDB-4A9A-AC2B-0E130F94079B}.Release|x64.Build.0 = Release|Any CPU
		{53FC6827-BFDB-4A9A-AC2B-0E130F94079B}.Release|x86.ActiveCfg = Release|Any CPU
		{53FC6827-BFDB-4A9A-AC2B-0E130F94079B}.Release|x86.Build.0 = Release|Any CPU
		{AFB80073-0DD4-4DCA-8826-B3321ECF4993}.Debug|Any CPU.ActiveCfg = Debug|Any CPU
		{AFB80073-0DD4-4DCA-8826-B3321ECF4993}.Debug|Any CPU.Build.0 = Debug|Any CPU
		{AFB80073-0DD4-4DCA-8826-B3321ECF4993}.Debug|ARM.ActiveCfg = Debug|Any CPU
		{AFB80073-0DD4-4DCA-8826-B3321ECF4993}.Debug|ARM.Build.0 = Debug|Any CPU
		{AFB80073-0DD4-4DCA-8826-B3321ECF4993}.Debug|ARM64.ActiveCfg = Debug|Any CPU
		{AFB80073-0DD4-4DCA-8826-B3321ECF4993}.Debug|ARM64.Build.0 = Debug|Any CPU
		{AFB80073-0DD4-4DCA-8826-B3321ECF4993}.Debug|x64.ActiveCfg = Debug|Any CPU
		{AFB80073-0DD4-4DCA-8826-B3321ECF4993}.Debug|x64.Build.0 = Debug|Any CPU
		{AFB80073-0DD4-4DCA-8826-B3321ECF4993}.Debug|x86.ActiveCfg = Debug|Any CPU
		{AFB80073-0DD4-4DCA-8826-B3321ECF4993}.Debug|x86.Build.0 = Debug|Any CPU
		{AFB80073-0DD4-4DCA-8826-B3321ECF4993}.Release|Any CPU.ActiveCfg = Release|Any CPU
		{AFB80073-0DD4-4DCA-8826-B3321ECF4993}.Release|Any CPU.Build.0 = Release|Any CPU
		{AFB80073-0DD4-4DCA-8826-B3321ECF4993}.Release|ARM.ActiveCfg = Release|Any CPU
		{AFB80073-0DD4-4DCA-8826-B3321ECF4993}.Release|ARM.Build.0 = Release|Any CPU
		{AFB80073-0DD4-4DCA-8826-B3321ECF4993}.Release|ARM64.ActiveCfg = Release|Any CPU
		{AFB80073-0DD4-4DCA-8826-B3321ECF4993}.Release|ARM64.Build.0 = Release|Any CPU
		{AFB80073-0DD4-4DCA-8826-B3321ECF4993}.Release|x64.ActiveCfg = Release|Any CPU
		{AFB80073-0DD4-4DCA-8826-B3321ECF4993}.Release|x64.Build.0 = Release|Any CPU
		{AFB80073-0DD4-4DCA-8826-B3321ECF4993}.Release|x86.ActiveCfg = Release|Any CPU
		{AFB80073-0DD4-4DCA-8826-B3321ECF4993}.Release|x86.Build.0 = Release|Any CPU
	EndGlobalSection
	GlobalSection(SolutionProperties) = preSolution
		HideSolutionNode = FALSE
	EndGlobalSection
	GlobalSection(ExtensibilityGlobals) = postSolution
		SolutionGuid = {58C8FB21-162B-4773-ADF2-49BEE8B43524}
	EndGlobalSection
EndGlobal
